
Microsoft Visual Studio Solution File, Format Version 12.00
# Visual Studio 15
VisualStudioVersion = 15.0.28307.106
MinimumVisualStudioVersion = 10.0.40219.1
Project("{888888A0-9F3D-457C-B088-3A5042F75D52}") = "SonicTH_ai", "SonicTH_ai\SonicTH_ai.pyproj", "{AA489472-1AEC-437F-AD1B-35BD6FC7EBE3}"
EndProject
Global
	GlobalSection(SolutionConfigurationPlatforms) = preSolution
		Debug|Any CPU = Debug|Any CPU
		Release|Any CPU = Release|Any CPU
	EndGlobalSection
	GlobalSection(ProjectConfigurationPlatforms) = postSolution
		{AA489472-1AEC-437F-AD1B-35BD6FC7EBE3}.Debug|Any CPU.ActiveCfg = Debug|Any CPU
		{AA489472-1AEC-437F-AD1B-35BD6FC7EBE3}.Release|Any CPU.ActiveCfg = Release|Any CPU
	EndGlobalSection
	GlobalSection(SolutionProperties) = preSolution
		HideSolutionNode = FALSE
	EndGlobalSection
	GlobalSection(ExtensibilityGlobals) = postSolution
		SolutionGuid = {89C609DB-0880-4FA7-BE56-AA4F61F19760}
	EndGlobalSection
EndGlobal
